// !$*UTF8*$!
{
	archiveVersion = 1;
	classes = {
	};
	objectVersion = 50;
	objects = {

/* Begin PBXBuildFile section */
		6B614DFA25E3ACB2000ACF12 /* AppDelegate.swift in Sources */ = {isa = PBXBuildFile; fileRef = 6B614DF925E3ACB2000ACF12 /* AppDelegate.swift */; };
		6B614DFE25E3ACB2000ACF12 /* ProductsVC.swift in Sources */ = {isa = PBXBuildFile; fileRef = 6B614DFD25E3ACB2000ACF12 /* ProductsVC.swift */; };
		6B614E0325E3ACB4000ACF12 /* Assets.xcassets in Resources */ = {isa = PBXBuildFile; fileRef = 6B614E0225E3ACB4000ACF12 /* Assets.xcassets */; };
		6B614E0625E3ACB4000ACF12 /* LaunchScreen.storyboard in Resources */ = {isa = PBXBuildFile; fileRef = 6B614E0425E3ACB4000ACF12 /* LaunchScreen.storyboard */; };
		6B614E1125E3ACB4000ACF12 /* DynamicCollectionCellTests.swift in Sources */ = {isa = PBXBuildFile; fileRef = 6B614E1025E3ACB4000ACF12 /* DynamicCollectionCellTests.swift */; };
		6B614E1C25E3ACB4000ACF12 /* DynamicCollectionCellUITests.swift in Sources */ = {isa = PBXBuildFile; fileRef = 6B614E1B25E3ACB4000ACF12 /* DynamicCollectionCellUITests.swift */; };
/* End PBXBuildFile section */

/* Begin PBXContainerItemProxy section */
		6B614E0D25E3ACB4000ACF12 /* PBXContainerItemProxy */ = {
			isa = PBXContainerItemProxy;
			containerPortal = 6B614DEE25E3ACB1000ACF12 /* Project object */;
			proxyType = 1;
			remoteGlobalIDString = 6B614DF525E3ACB2000ACF12;
			remoteInfo = DynamicCollectionCell;
		};
		6B614E1825E3ACB4000ACF12 /* PBXContainerItemProxy */ = {
			isa = PBXContainerItemProxy;
			containerPortal = 6B614DEE25E3ACB1000ACF12 /* Project object */;
			proxyType = 1;
			remoteGlobalIDString = 6B614DF525E3ACB2000ACF12;
			remoteInfo = DynamicCollectionCell;
		};
/* End PBXContainerItemProxy section */

/* Begin PBXFileReference section */
		6B614DF625E3ACB2000ACF12 /* DynamicCollectionCell.app */ = {isa = PBXFileReference; explicitFileType = wrapper.application; includeInIndex = 0; path = DynamicCollectionCell.app; sourceTree = BUILT_PRODUCTS_DIR; };
		6B614DF925E3ACB2000ACF12 /* AppDelegate.swift */ = {isa = PBXFileReference; lastKnownFileType = sourcecode.swift; path = AppDelegate.swift; sourceTree = "<group>"; };
		6B614DFD25E3ACB2000ACF12 /* ProductsVC.swift */ = {isa = PBXFileReference; lastKnownFileType = sourcecode.swift; path = ProductsVC.swift; sourceTree = "<group>"; };
		6B614E0225E3ACB4000ACF12 /* Assets.xcassets */ = {isa = PBXFileReference; lastKnownFileType = folder.assetcatalog; path = Assets.xcassets; sourceTree = "<group>"; };
		6B614E0525E3ACB4000ACF12 /* Base */ = {isa = PBXFileReference; lastKnownFileType = file.storyboard; name = Base; path = Base.lproj/LaunchScreen.storyboard; sourceTree = "<group>"; };
		6B614E0725E3ACB4000ACF12 /* Info.plist */ = {isa = PBXFileReference; lastKnownFileType = text.plist.xml; path = Info.plist; sourceTree = "<group>"; };
		6B614E0C25E3ACB4000ACF12 /* DynamicCollectionCellTests.xctest */ = {isa = PBXFileReference; explicitFileType = wrapper.cfbundle; includeInIndex = 0; path = DynamicCollectionCellTests.xctest; sourceTree = BUILT_PRODUCTS_DIR; };
		6B614E1025E3ACB4000ACF12 /* DynamicCollectionCellTests.swift */ = {isa = PBXFileReference; lastKnownFileType = sourcecode.swift; path = DynamicCollectionCellTests.swift; sourceTree = "<group>"; };
		6B614E1225E3ACB4000ACF12 /* Info.plist */ = {isa = PBXFileReference; lastKnownFileType = text.plist.xml; path = Info.plist; sourceTree = "<group>"; };
		6B614E1725E3ACB4000ACF12 /* DynamicCollectionCellUITests.xctest */ = {isa = PBXFileReference; explicitFileType = wrapper.cfbundle; includeInIndex = 0; path = DynamicCollectionCellUITests.xctest; sourceTree = BUILT_PRODUCTS_DIR; };
		6B614E1B25E3ACB4000ACF12 /* DynamicCollectionCellUITests.swift */ = {isa = PBXFileReference; lastKnownFileType = sourcecode.swift; path = DynamicCollectionCellUITests.swift; sourceTree = "<group>"; };
		6B614E1D25E3ACB4000ACF12 /* Info.plist */ = {isa = PBXFileReference; lastKnownFileType = text.plist.xml; path = Info.plist; sourceTree = "<group>"; };
/* End PBXFileReference section */

/* Begin PBXFrameworksBuildPhase section */
		6B614DF325E3ACB2000ACF12 /* Frameworks */ = {
			isa = PBXFrameworksBuildPhase;
			buildActionMask = 2147483647;
			files = (
			);
			runOnlyForDeploymentPostprocessing = 0;
		};
		6B614E0925E3ACB4000ACF12 /* Frameworks */ = {
			isa = PBXFrameworksBuildPhase;
			buildActionMask = 2147483647;
			files = (
			);
			runOnlyForDeploymentPostprocessing = 0;
		};
		6B614E1425E3ACB4000ACF12 /* Frameworks */ = {
			isa = PBXFrameworksBuildPhase;
			buildActionMask = 2147483647;
			files = (
			);
			runOnlyForDeploymentPostprocessing = 0;
		};
/* End PBXFrameworksBuildPhase section */

/* Begin PBXGroup section */
		6B614DED25E3ACB1000ACF12 = {
			isa = PBXGroup;
			children = (
				6B614DF825E3ACB2000ACF12 /* DynamicCollectionCell */,
				6B614E0F25E3ACB4000ACF12 /* DynamicCollectionCellTests */,
				6B614E1A25E3ACB4000ACF12 /* DynamicCollectionCellUITests */,
				6B614DF725E3ACB2000ACF12 /* Products */,
			);
			sourceTree = "<group>";
		};
		6B614DF725E3ACB2000ACF12 /* Products */ = {
			isa = PBXGroup;
			children = (
				6B614DF625E3ACB2000ACF12 /* DynamicCollectionCell.app */,
				6B614E0C25E3ACB4000ACF12 /* DynamicCollectionCellTests.xctest */,
				6B614E1725E3ACB4000ACF12 /* DynamicCollectionCellUITests.xctest */,
			);
			name = Products;
			sourceTree = "<group>";
		};
		6B614DF825E3ACB2000ACF12 /* DynamicCollectionCell */ = {
			isa = PBXGroup;
			children = (
				6B614E3925E3B40E000ACF12 /* Scenes */,
				6B614E3225E3B0F4000ACF12 /* Resources */,
			);
			path = DynamicCollectionCell;
			sourceTree = "<group>";
		};
		6B614E0F25E3ACB4000ACF12 /* DynamicCollectionCellTests */ = {
			isa = PBXGroup;
			children = (
				6B614E1025E3ACB4000ACF12 /* DynamicCollectionCellTests.swift */,
				6B614E1225E3ACB4000ACF12 /* Info.plist */,
			);
			path = DynamicCollectionCellTests;
			sourceTree = "<group>";
		};
		6B614E1A25E3ACB4000ACF12 /* DynamicCollectionCellUITests */ = {
			isa = PBXGroup;
			children = (
				6B614E1B25E3ACB4000ACF12 /* DynamicCollectionCellUITests.swift */,
				6B614E1D25E3ACB4000ACF12 /* Info.plist */,
			);
			path = DynamicCollectionCellUITests;
			sourceTree = "<group>";
		};
		6B614E3225E3B0F4000ACF12 /* Resources */ = {
			isa = PBXGroup;
			children = (
				6B614DF925E3ACB2000ACF12 /* AppDelegate.swift */,
				6B614E0725E3ACB4000ACF12 /* Info.plist */,
				6B614E0225E3ACB4000ACF12 /* Assets.xcassets */,
				6B614E0425E3ACB4000ACF12 /* LaunchScreen.storyboard */,
			);
			path = Resources;
			sourceTree = "<group>";
		};
		6B614E3925E3B40E000ACF12 /* Scenes */ = {
			isa = PBXGroup;
			children = (
				6B614E3B25E3B425000ACF12 /* ProductCells */,
				6B614E3A25E3B41D000ACF12 /* Products */,
			);
			path = Scenes;
			sourceTree = "<group>";
		};
		6B614E3A25E3B41D000ACF12 /* Products */ = {
			isa = PBXGroup;
			children = (
				6B614DFD25E3ACB2000ACF12 /* ProductsVC.swift */,
			);
			path = Products;
			sourceTree = "<group>";
		};
		6B614E3B25E3B425000ACF12 /* ProductCells */ = {
			isa = PBXGroup;
			children = (
			);
			path = ProductCells;
			sourceTree = "<group>";
		};
/* End PBXGroup section */

/* Begin PBXNativeTarget section */
		6B614DF525E3ACB2000ACF12 /* DynamicCollectionCell */ = {
			isa = PBXNativeTarget;
			buildConfigurationList = 6B614E2025E3ACB4000ACF12 /* Build configuration list for PBXNativeTarget "DynamicCollectionCell" */;
			buildPhases = (
				6B614DF225E3ACB2000ACF12 /* Sources */,
				6B614DF325E3ACB2000ACF12 /* Frameworks */,
				6B614DF425E3ACB2000ACF12 /* Resources */,
			);
			buildRules = (
			);
			dependencies = (
			);
			name = DynamicCollectionCell;
			productName = DynamicCollectionCell;
			productReference = 6B614DF625E3ACB2000ACF12 /* DynamicCollectionCell.app */;
			productType = "com.apple.product-type.application";
		};
		6B614E0B25E3ACB4000ACF12 /* DynamicCollectionCellTests */ = {
			isa = PBXNativeTarget;
			buildConfigurationList = 6B614E2325E3ACB4000ACF12 /* Build configuration list for PBXNativeTarget "DynamicCollectionCellTests" */;
			buildPhases = (
				6B614E0825E3ACB4000ACF12 /* Sources */,
				6B614E0925E3ACB4000ACF12 /* Frameworks */,
				6B614E0A25E3ACB4000ACF12 /* Resources */,
			);
			buildRules = (
			);
			dependencies = (
				6B614E0E25E3ACB4000ACF12 /* PBXTargetDependency */,
			);
			name = DynamicCollectionCellTests;
			productName = DynamicCollectionCellTests;
			productReference = 6B614E0C25E3ACB4000ACF12 /* DynamicCollectionCellTests.xctest */;
			productType = "com.apple.product-type.bundle.unit-test";
		};
		6B614E1625E3ACB4000ACF12 /* DynamicCollectionCellUITests */ = {
			isa = PBXNativeTarget;
			buildConfigurationList = 6B614E2625E3ACB4000ACF12 /* Build configuration list for PBXNativeTarget "DynamicCollectionCellUITests" */;
			buildPhases = (
				6B614E1325E3ACB4000ACF12 /* Sources */,
				6B614E1425E3ACB4000ACF12 /* Frameworks */,
				6B614E1525E3ACB4000ACF12 /* Resources */,
			);
			buildRules = (
			);
			dependencies = (
				6B614E1925E3ACB4000ACF12 /* PBXTargetDependency */,
			);
			name = DynamicCollectionCellUITests;
			productName = DynamicCollectionCellUITests;
			productReference = 6B614E1725E3ACB4000ACF12 /* DynamicCollectionCellUITests.xctest */;
			productType = "com.apple.product-type.bundle.ui-testing";
		};
/* End PBXNativeTarget section */

/* Begin PBXProject section */
		6B614DEE25E3ACB1000ACF12 /* Project object */ = {
			isa = PBXProject;
			attributes = {
				LastSwiftUpdateCheck = 1220;
				LastUpgradeCheck = 1220;
				TargetAttributes = {
					6B614DF525E3ACB2000ACF12 = {
						CreatedOnToolsVersion = 12.2;
					};
					6B614E0B25E3ACB4000ACF12 = {
						CreatedOnToolsVersion = 12.2;
						TestTargetID = 6B614DF525E3ACB2000ACF12;
					};
					6B614E1625E3ACB4000ACF12 = {
						CreatedOnToolsVersion = 12.2;
						TestTargetID = 6B614DF525E3ACB2000ACF12;
					};
				};
			};
			buildConfigurationList = 6B614DF125E3ACB1000ACF12 /* Build configuration list for PBXProject "DynamicCollectionCell" */;
			compatibilityVersion = "Xcode 9.3";
			developmentRegion = en;
			hasScannedForEncodings = 0;
			knownRegions = (
				en,
				Base,
			);
			mainGroup = 6B614DED25E3ACB1000ACF12;
			productRefGroup = 6B614DF725E3ACB2000ACF12 /* Products */;
			projectDirPath = "";
			projectRoot = "";
			targets = (
				6B614DF525E3ACB2000ACF12 /* DynamicCollectionCell */,
				6B614E0B25E3ACB4000ACF12 /* DynamicCollectionCellTests */,
				6B614E1625E3ACB4000ACF12 /* DynamicCollectionCellUITests */,
			);
		};
/* End PBXProject section */

/* Begin PBXResourcesBuildPhase section */
		6B614DF425E3ACB2000ACF12 /* Resources */ = {
			isa = PBXResourcesBuildPhase;
			buildActionMask = 2147483647;
			files = (
				6B614E0625E3ACB4000ACF12 /* LaunchScreen.storyboard in Resources */,
				6B614E0325E3ACB4000ACF12 /* Assets.xcassets in Resources */,
			);
			runOnlyForDeploymentPostprocessing = 0;
		};
		6B614E0A25E3ACB4000ACF12 /* Resources */ = {
			isa = PBXResourcesBuildPhase;
			buildActionMask = 2147483647;
			files = (
			);
			runOnlyForDeploymentPostprocessing = 0;
		};
		6B614E1525E3ACB4000ACF12 /* Resources */ = {
			isa = PBXResourcesBuildPhase;
			buildActionMask = 2147483647;
			files = (
			);
			runOnlyForDeploymentPostprocessing = 0;
		};
/* End PBXResourcesBuildPhase section */

/* Begin PBXSourcesBuildPhase section */
		6B614DF225E3ACB2000ACF12 /* Sources */ = {
			isa = PBXSourcesBuildPhase;
			buildActionMask = 2147483647;
			files = (
				6B614DFE25E3ACB2000ACF12 /* ProductsVC.swift in Sources */,
				6B614DFA25E3ACB2000ACF12 /* AppDelegate.swift in Sources */,
			);
			runOnlyForDeploymentPostprocessing = 0;
		};
		6B614E0825E3ACB4000ACF12 /* Sources */ = {
			isa = PBXSourcesBuildPhase;
			buildActionMask = 2147483647;
			files = (
				6B614E1125E3ACB4000ACF12 /* DynamicCollectionCellTests.swift in Sources */,
			);
			runOnlyForDeploymentPostprocessing = 0;
		};
		6B614E1325E3ACB4000ACF12 /* Sources */ = {
			isa = PBXSourcesBuildPhase;
			buildActionMask = 2147483647;
			files = (
				6B614E1C25E3ACB4000ACF12 /* DynamicCollectionCellUITests.swift in Sources */,
			);
			runOnlyForDeploymentPostprocessing = 0;
		};
/* End PBXSourcesBuildPhase section */

/* Begin PBXTargetDependency section */
		6B614E0E25E3ACB4000ACF12 /* PBXTargetDependency */ = {
			isa = PBXTargetDependency;
			target = 6B614DF525E3ACB2000ACF12 /* DynamicCollectionCell */;
			targetProxy = 6B614E0D25E3ACB4000ACF12 /* PBXContainerItemProxy */;
		};
		6B614E1925E3ACB4000ACF12 /* PBXTargetDependency */ = {
			isa = PBXTargetDependency;
			target = 6B614DF525E3ACB2000ACF12 /* DynamicCollectionCell */;
			targetProxy = 6B614E1825E3ACB4000ACF12 /* PBXContainerItemProxy */;
		};
/* End PBXTargetDependency section */

/* Begin PBXVariantGroup section */
		6B614E0425E3ACB4000ACF12 /* LaunchScreen.storyboard */ = {
			isa = PBXVariantGroup;
			children = (
				6B614E0525E3ACB4000ACF12 /* Base */,
			);
			name = LaunchScreen.storyboard;
			sourceTree = "<group>";
		};
/* End PBXVariantGroup section */

/* Begin XCBuildConfiguration section */
		6B614E1E25E3ACB4000ACF12 /* Debug */ = {
			isa = XCBuildConfiguration;
			buildSettings = {
				ALWAYS_SEARCH_USER_PATHS = NO;
				CLANG_ANALYZER_NONNULL = YES;
				CLANG_ANALYZER_NUMBER_OBJECT_CONVERSION = YES_AGGRESSIVE;
				CLANG_CXX_LANGUAGE_STANDARD = "gnu++14";
				CLANG_CXX_LIBRARY = "libc++";
				CLANG_ENABLE_MODULES = YES;
				CLANG_ENABLE_OBJC_ARC = YES;
				CLANG_ENABLE_OBJC_WEAK = YES;
				CLANG_WARN_BLOCK_CAPTURE_AUTORELEASING = YES;
				CLANG_WARN_BOOL_CONVERSION = YES;
				CLANG_WARN_COMMA = YES;
				CLANG_WARN_CONSTANT_CONVERSION = YES;
				CLANG_WARN_DEPRECATED_OBJC_IMPLEMENTATIONS = YES;
				CLANG_WARN_DIRECT_OBJC_ISA_USAGE = YES_ERROR;
				CLANG_WARN_DOCUMENTATION_COMMENTS = YES;
				CLANG_WARN_EMPTY_BODY = YES;
				CLANG_WARN_ENUM_CONVERSION = YES;
				CLANG_WARN_INFINITE_RECURSION = YES;
				CLANG_WARN_INT_CONVERSION = YES;
				CLANG_WARN_NON_LITERAL_NULL_CONVERSION = YES;
				CLANG_WARN_OBJC_IMPLICIT_RETAIN_SELF = YES;
				CLANG_WARN_OBJC_LITERAL_CONVERSION = YES;
				CLANG_WARN_OBJC_ROOT_CLASS = YES_ERROR;
				CLANG_WARN_QUOTED_INCLUDE_IN_FRAMEWORK_HEADER = YES;
				CLANG_WARN_RANGE_LOOP_ANALYSIS = YES;
				CLANG_WARN_STRICT_PROTOTYPES = YES;
				CLANG_WARN_SUSPICIOUS_MOVE = YES;
				CLANG_WARN_UNGUARDED_AVAILABILITY = YES_AGGRESSIVE;
				CLANG_WARN_UNREACHABLE_CODE = YES;
				CLANG_WARN__DUPLICATE_METHOD_MATCH = YES;
				COPY_PHASE_STRIP = NO;
				DEBUG_INFORMATION_FORMAT = dwarf;
				ENABLE_STRICT_OBJC_MSGSEND = YES;
				ENABLE_TESTABILITY = YES;
				GCC_C_LANGUAGE_STANDARD = gnu11;
				GCC_DYNAMIC_NO_PIC = NO;
				GCC_NO_COMMON_BLOCKS = YES;
				GCC_OPTIMIZATION_LEVEL = 0;
				GCC_PREPROCESSOR_DEFINITIONS = (
					"DEBUG=1",
					"$(inherited)",
				);
				GCC_WARN_64_TO_32_BIT_CONVERSION = YES;
				GCC_WARN_ABOUT_RETURN_TYPE = YES_ERROR;
				GCC_WARN_UNDECLARED_SELECTOR = YES;
				GCC_WARN_UNINITIALIZED_AUTOS = YES_AGGRESSIVE;
				GCC_WARN_UNUSED_FUNCTION = YES;
				GCC_WARN_UNUSED_VARIABLE = YES;
				IPHONEOS_DEPLOYMENT_TARGET = 14.2;
				MTL_ENABLE_DEBUG_INFO = INCLUDE_SOURCE;
				MTL_FAST_MATH = YES;
				ONLY_ACTIVE_ARCH = YES;
				SDKROOT = iphoneos;
				SWIFT_ACTIVE_COMPILATION_CONDITIONS = DEBUG;
				SWIFT_OPTIMIZATION_LEVEL = "-Onone";
			};
			name = Debug;
		};
		6B614E1F25E3ACB4000ACF12 /* Release */ = {
			isa = XCBuildConfiguration;
			buildSettings = {
				ALWAYS_SEARCH_USER_PATHS = NO;
				CLANG_ANALYZER_NONNULL = YES;
				CLANG_ANALYZER_NUMBER_OBJECT_CONVERSION = YES_AGGRESSIVE;
				CLANG_CXX_LANGUAGE_STANDARD = "gnu++14";
				CLANG_CXX_LIBRARY = "libc++";
				CLANG_ENABLE_MODULES = YES;
				CLANG_ENABLE_OBJC_ARC = YES;
				CLANG_ENABLE_OBJC_WEAK = YES;
				CLANG_WARN_BLOCK_CAPTURE_AUTORELEASING = YES;
				CLANG_WARN_BOOL_CONVERSION = YES;
				CLANG_WARN_COMMA = YES;
				CLANG_WARN_CONSTANT_CONVERSION = YES;
				CLANG_WARN_DEPRECATED_OBJC_IMPLEMENTATIONS = YES;
				CLANG_WARN_DIRECT_OBJC_ISA_USAGE = YES_ERROR;
				CLANG_WARN_DOCUMENTATION_COMMENTS = YES;
				CLANG_WARN_EMPTY_BODY = YES;
				CLANG_WARN_ENUM_CONVERSION = YES;
				CLANG_WARN_INFINITE_RECURSION = YES;
				CLANG_WARN_INT_CONVERSION = YES;
				CLANG_WARN_NON_LITERAL_NULL_CONVERSION = YES;
				CLANG_WARN_OBJC_IMPLICIT_RETAIN_SELF = YES;
				CLANG_WARN_OBJC_LITERAL_CONVERSION = YES;
				CLANG_WARN_OBJC_ROOT_CLASS = YES_ERROR;
				CLANG_WARN_QUOTED_INCLUDE_IN_FRAMEWORK_HEADER = YES;
				CLANG_WARN_RANGE_LOOP_ANALYSIS = YES;
				CLANG_WARN_STRICT_PROTOTYPES = YES;
				CLANG_WARN_SUSPICIOUS_MOVE = YES;
				CLANG_WARN_UNGUARDED_AVAILABILITY = YES_AGGRESSIVE;
				CLANG_WARN_UNREACHABLE_CODE = YES;
				CLANG_WARN__DUPLICATE_METHOD_MATCH = YES;
				COPY_PHASE_STRIP = NO;
				DEBUG_INFORMATION_FORMAT = "dwarf-with-dsym";
				ENABLE_NS_ASSERTIONS = NO;
				ENABLE_STRICT_OBJC_MSGSEND = YES;
				GCC_C_LANGUAGE_STANDARD = gnu11;
				GCC_NO_COMMON_BLOCKS = YES;
				GCC_WARN_64_TO_32_BIT_CONVERSION = YES;
				GCC_WARN_ABOUT_RETURN_TYPE = YES_ERROR;
				GCC_WARN_UNDECLARED_SELECTOR = YES;
				GCC_WARN_UNINITIALIZED_AUTOS = YES_AGGRESSIVE;
				GCC_WARN_UNUSED_FUNCTION = YES;
				GCC_WARN_UNUSED_VARIABLE = YES;
				IPHONEOS_DEPLOYMENT_TARGET = 14.2;
				MTL_ENABLE_DEBUG_INFO = NO;
				MTL_FAST_MATH = YES;
				SDKROOT = iphoneos;
				SWIFT_COMPILATION_MODE = wholemodule;
				SWIFT_OPTIMIZATION_LEVEL = "-O";
				VALIDATE_PRODUCT = YES;
			};
			name = Release;
		};
		6B614E2125E3ACB4000ACF12 /* Debug */ = {
			isa = XCBuildConfiguration;
			buildSettings = {
				ASSETCATALOG_COMPILER_APPICON_NAME = AppIcon;
				ASSETCATALOG_COMPILER_GLOBAL_ACCENT_COLOR_NAME = AccentColor;
				CODE_SIGN_STYLE = Automatic;
				DEVELOPMENT_TEAM = BYWLC6SC4C;
				INFOPLIST_FILE = DynamicCollectionCell/Resources/Info.plist;
				LD_RUNPATH_SEARCH_PATHS = (
					"$(inherited)",
					"@executable_path/Frameworks",
				);
				PRODUCT_BUNDLE_IDENTIFIER = com.Hadeer.DynamicCollectionCell;
				PRODUCT_NAME = "$(TARGET_NAME)";
				SWIFT_VERSION = 5.0;
				TARGETED_DEVICE_FAMILY = "1,2";
			};
			name = Debug;
		};
		6B614E2225E3ACB4000ACF12 /* Release */ = {
			isa = XCBuildConfiguration;
			buildSettings = {
				ASSETCATALOG_COMPILER_APPICON_NAME = AppIcon;
				ASSETCATALOG_COMPILER_GLOBAL_ACCENT_COLOR_NAME = AccentColor;
				CODE_SIGN_STYLE = Automatic;
				DEVELOPMENT_TEAM = BYWLC6SC4C;
				INFOPLIST_FILE = DynamicCollectionCell/Resources/Info.plist;
				LD_RUNPATH_SEARCH_PATHS = (
					"$(inherited)",
					"@executable_path/Frameworks",
				);
				PRODUCT_BUNDLE_IDENTIFIER = com.Hadeer.DynamicCollectionCell;
				PRODUCT_NAME = "$(TARGET_NAME)";
				SWIFT_VERSION = 5.0;
				TARGETED_DEVICE_FAMILY = "1,2";
			};
			name = Release;
		};
		6B614E2425E3ACB4000ACF12 /* Debug */ = {
			isa = XCBuildConfiguration;
			buildSettings = {
				ALWAYS_EMBED_SWIFT_STANDARD_LIBRARIES = YES;
				BUNDLE_LOADER = "$(TEST_HOST)";
				CODE_SIGN_STYLE = Automatic;
				DEVELOPMENT_TEAM = BYWLC6SC4C;
				INFOPLIST_FILE = DynamicCollectionCellTests/Info.plist;
				IPHONEOS_DEPLOYMENT_TARGET = 14.2;
				LD_RUNPATH_SEARCH_PATHS = (
					"$(inherited)",
					"@executable_path/Frameworks",
					"@loader_path/Frameworks",
				);
				PRODUCT_BUNDLE_IDENTIFIER = com.Hadeer.DynamicCollectionCellTests;
				PRODUCT_NAME = "$(TARGET_NAME)";
				SWIFT_VERSION = 5.0;
				TARGETED_DEVICE_FAMILY = "1,2";
				TEST_HOST = "$(BUILT_PRODUCTS_DIR)/DynamicCollectionCell.app/DynamicCollectionCell";
			};
			name = Debug;
		};
		6B614E2525E3ACB4000ACF12 /* Release */ = {
			isa = XCBuildConfiguration;
			buildSettings = {
				ALWAYS_EMBED_SWIFT_STANDARD_LIBRARIES = YES;
				BUNDLE_LOADER = "$(TEST_HOST)";
				CODE_SIGN_STYLE = Automatic;
				DEVELOPMENT_TEAM = BYWLC6SC4C;
				INFOPLIST_FILE = DynamicCollectionCellTests/Info.plist;
				IPHONEOS_DEPLOYMENT_TARGET = 14.2;
				LD_RUNPATH_SEARCH_PATHS = (
					"$(inherited)",
					"@executable_path/Frameworks",
					"@loader_path/Frameworks",
				);
				PRODUCT_BUNDLE_IDENTIFIER = com.Hadeer.DynamicCollectionCellTests;
				PRODUCT_NAME = "$(TARGET_NAME)";
				SWIFT_VERSION = 5.0;
				TARGETED_DEVICE_FAMILY = "1,2";
				TEST_HOST = "$(BUILT_PRODUCTS_DIR)/DynamicCollectionCell.app/DynamicCollectionCell";
			};
			name = Release;
		};
		6B614E2725E3ACB4000ACF12 /* Debug */ = {
			isa = XCBuildConfiguration;
			buildSettings = {
				ALWAYS_EMBED_SWIFT_STANDARD_LIBRARIES = YES;
				CODE_SIGN_STYLE = Automatic;
				DEVELOPMENT_TEAM = BYWLC6SC4C;
				INFOPLIST_FILE = DynamicCollectionCellUITests/Info.plist;
				LD_RUNPATH_SEARCH_PATHS = (
					"$(inherited)",
					"@executable_path/Frameworks",
					"@loader_path/Frameworks",
				);
				PRODUCT_BUNDLE_IDENTIFIER = com.Hadeer.DynamicCollectionCellUITests;
				PRODUCT_NAME = "$(TARGET_NAME)";
				SWIFT_VERSION = 5.0;
				TARGETED_DEVICE_FAMILY = "1,2";
				TEST_TARGET_NAME = DynamicCollectionCell;
			};
			name = Debug;
		};
		6B614E2825E3ACB4000ACF12 /* Release */ = {
			isa = XCBuildConfiguration;
			buildSettings = {
				ALWAYS_EMBED_SWIFT_STANDARD_LIBRARIES = YES;
				CODE_SIGN_STYLE = Automatic;
				DEVELOPMENT_TEAM = BYWLC6SC4C;
				INFOPLIST_FILE = DynamicCollectionCellUITests/Info.plist;
				LD_RUNPATH_SEARCH_PATHS = (
					"$(inherited)",
					"@executable_path/Frameworks",
					"@loader_path/Frameworks",
				);
				PRODUCT_BUNDLE_IDENTIFIER = com.Hadeer.DynamicCollectionCellUITests;
				PRODUCT_NAME = "$(TARGET_NAME)";
				SWIFT_VERSION = 5.0;
				TARGETED_DEVICE_FAMILY = "1,2";
				TEST_TARGET_NAME = DynamicCollectionCell;
			};
			name = Release;
		};
/* End XCBuildConfiguration section */

/* Begin XCConfigurationList section */
		6B614DF125E3ACB1000ACF12 /* Build configuration list for PBXProject "DynamicCollectionCell" */ = {
			isa = XCConfigurationList;
			buildConfigurations = (
				6B614E1E25E3ACB4000ACF12 /* Debug */,
				6B614E1F25E3ACB4000ACF12 /* Release */,
			);
			defaultConfigurationIsVisible = 0;
			defaultConfigurationName = Release;
		};
		6B614E2025E3ACB4000ACF12 /* Build configuration list for PBXNativeTarget "DynamicCollectionCell" */ = {
			isa = XCConfigurationList;
			buildConfigurations = (
				6B614E2125E3ACB4000ACF12 /* Debug */,
				6B614E2225E3ACB4000ACF12 /* Release */,
			);
			defaultConfigurationIsVisible = 0;
			defaultConfigurationName = Release;
		};
		6B614E2325E3ACB4000ACF12 /* Build configuration list for PBXNativeTarget "DynamicCollectionCellTests" */ = {
			isa = XCConfigurationList;
			buildConfigurations = (
				6B614E2425E3ACB4000ACF12 /* Debug */,
				6B614E2525E3ACB4000ACF12 /* Release */,
			);
			defaultConfigurationIsVisible = 0;
			defaultConfigurationName = Release;
		};
		6B614E2625E3ACB4000ACF12 /* Build configuration list for PBXNativeTarget "DynamicCollectionCellUITests" */ = {
			isa = XCConfigurationList;
			buildConfigurations = (
				6B614E2725E3ACB4000ACF12 /* Debug */,
				6B614E2825E3ACB4000ACF12 /* Release */,
			);
			defaultConfigurationIsVisible = 0;
			defaultConfigurationName = Release;
		};
/* End XCConfigurationList section */
	};
	rootObject = 6B614DEE25E3ACB1000ACF12 /* Project object */;
}
